// !$*UTF8*$!
{
	archiveVersion = 1;
	classes = {
	};
	objectVersion = 46;
	objects = {

/* Begin PBXBuildFile section */
		DE4496E91C3BED2B00D690A4 /* main.m in Sources */ = {isa = PBXBuildFile; fileRef = DE4496E81C3BED2B00D690A4 /* main.m */; };
		DE4496EC1C3BED2B00D690A4 /* AppDelegate.m in Sources */ = {isa = PBXBuildFile; fileRef = DE4496EB1C3BED2B00D690A4 /* AppDelegate.m */; };
		DE4496EF1C3BED2B00D690A4 /* ViewController.m in Sources */ = {isa = PBXBuildFile; fileRef = DE4496EE1C3BED2B00D690A4 /* ViewController.m */; };
		DE4496F21C3BED2B00D690A4 /* Main.storyboard in Resources */ = {isa = PBXBuildFile; fileRef = DE4496F01C3BED2B00D690A4 /* Main.storyboard */; };
		DE4496F41C3BED2B00D690A4 /* Assets.xcassets in Resources */ = {isa = PBXBuildFile; fileRef = DE4496F31C3BED2B00D690A4 /* Assets.xcassets */; };
		DE4496F71C3BED2B00D690A4 /* LaunchScreen.storyboard in Resources */ = {isa = PBXBuildFile; fileRef = DE4496F51C3BED2B00D690A4 /* LaunchScreen.storyboard */; };
		DE4497021C3BED2B00D690A4 /* Quartz2DDrawingDemoTests.m in Sources */ = {isa = PBXBuildFile; fileRef = DE4497011C3BED2B00D690A4 /* Quartz2DDrawingDemoTests.m */; };
		DE44970D1C3BED2B00D690A4 /* Quartz2DDrawingDemoUITests.m in Sources */ = {isa = PBXBuildFile; fileRef = DE44970C1C3BED2B00D690A4 /* Quartz2DDrawingDemoUITests.m */; };
/* End PBXBuildFile section */

/* Begin PBXContainerItemProxy section */
		DE4496FE1C3BED2B00D690A4 /* PBXContainerItemProxy */ = {
			isa = PBXContainerItemProxy;
			containerPortal = DE4496DC1C3BED2B00D690A4 /* Project object */;
			proxyType = 1;
			remoteGlobalIDString = DE4496E31C3BED2B00D690A4;
			remoteInfo = Quartz2DDrawingDemo;
		};
		DE4497091C3BED2B00D690A4 /* PBXContainerItemProxy */ = {
			isa = PBXContainerItemProxy;
			containerPortal = DE4496DC1C3BED2B00D690A4 /* Project object */;
			proxyType = 1;
			remoteGlobalIDString = DE4496E31C3BED2B00D690A4;
			remoteInfo = Quartz2DDrawingDemo;
		};
/* End PBXContainerItemProxy section */

/* Begin PBXFileReference section */
		DE4496E41C3BED2B00D690A4 /* Quartz2DDrawingDemo.app */ = {isa = PBXFileReference; explicitFileType = wrapper.application; includeInIndex = 0; path = Quartz2DDrawingDemo.app; sourceTree = BUILT_PRODUCTS_DIR; };
		DE4496E81C3BED2B00D690A4 /* main.m */ = {isa = PBXFileReference; lastKnownFileType = sourcecode.c.objc; path = main.m; sourceTree = "<group>"; };
		DE4496EA1C3BED2B00D690A4 /* AppDelegate.h */ = {isa = PBXFileReference; lastKnownFileType = sourcecode.c.h; path = AppDelegate.h; sourceTree = "<group>"; };
		DE4496EB1C3BED2B00D690A4 /* AppDelegate.m */ = {isa = PBXFileReference; lastKnownFileType = sourcecode.c.objc; path = AppDelegate.m; sourceTree = "<group>"; };
		DE4496ED1C3BED2B00D690A4 /* ViewController.h */ = {isa = PBXFileReference; lastKnownFileType = sourcecode.c.h; path = ViewController.h; sourceTree = "<group>"; };
		DE4496EE1C3BED2B00D690A4 /* ViewController.m */ = {isa = PBXFileReference; lastKnownFileType = sourcecode.c.objc; path = ViewController.m; sourceTree = "<group>"; };
		DE4496F11C3BED2B00D690A4 /* Base */ = {isa = PBXFileReference; lastKnownFileType = file.storyboard; name = Base; path = Base.lproj/Main.storyboard; sourceTree = "<group>"; };
		DE4496F31C3BED2B00D690A4 /* Assets.xcassets */ = {isa = PBXFileReference; lastKnownFileType = folder.assetcatalog; path = Assets.xcassets; sourceTree = "<group>"; };
		DE4496F61C3BED2B00D690A4 /* Base */ = {isa = PBXFileReference; lastKnownFileType = file.storyboard; name = Base; path = Base.lproj/LaunchScreen.storyboard; sourceTree = "<group>"; };
		DE4496F81C3BED2B00D690A4 /* Info.plist */ = {isa = PBXFileReference; lastKnownFileType = text.plist.xml; path = Info.plist; sourceTree = "<group>"; };
		DE4496FD1C3BED2B00D690A4 /* Quartz2DDrawingDemoTests.xctest */ = {isa = PBXFileReference; explicitFileType = wrapper.cfbundle; includeInIndex = 0; path = Quartz2DDrawingDemoTests.xctest; sourceTree = BUILT_PRODUCTS_DIR; };
		DE4497011C3BED2B00D690A4 /* Quartz2DDrawingDemoTests.m */ = {isa = PBXFileReference; lastKnownFileType = sourcecode.c.objc; path = Quartz2DDrawingDemoTests.m; sourceTree = "<group>"; };
		DE4497031C3BED2B00D690A4 /* Info.plist */ = {isa = PBXFileReference; lastKnownFileType = text.plist.xml; path = Info.plist; sourceTree = "<group>"; };
		DE4497081C3BED2B00D690A4 /* Quartz2DDrawingDemoUITests.xctest */ = {isa = PBXFileReference; explicitFileType = wrapper.cfbundle; includeInIndex = 0; path = Quartz2DDrawingDemoUITests.xctest; sourceTree = BUILT_PRODUCTS_DIR; };
		DE44970C1C3BED2B00D690A4 /* Quartz2DDrawingDemoUITests.m */ = {isa = PBXFileReference; lastKnownFileType = sourcecode.c.objc; path = Quartz2DDrawingDemoUITests.m; sourceTree = "<group>"; };
		DE44970E1C3BED2B00D690A4 /* Info.plist */ = {isa = PBXFileReference; lastKnownFileType = text.plist.xml; path = Info.plist; sourceTree = "<group>"; };
/* End PBXFileReference section */

/* Begin PBXFrameworksBuildPhase section */
		DE4496E11C3BED2B00D690A4 /* Frameworks */ = {
			isa = PBXFrameworksBuildPhase;
			buildActionMask = 2147483647;
			files = (
			);
			runOnlyForDeploymentPostprocessing = 0;
		};
		DE4496FA1C3BED2B00D690A4 /* Frameworks */ = {
			isa = PBXFrameworksBuildPhase;
			buildActionMask = 2147483647;
			files = (
			);
			runOnlyForDeploymentPostprocessing = 0;
		};
		DE4497051C3BED2B00D690A4 /* Frameworks */ = {
			isa = PBXFrameworksBuildPhase;
			buildActionMask = 2147483647;
			files = (
			);
			runOnlyForDeploymentPostprocessing = 0;
		};
/* End PBXFrameworksBuildPhase section */

/* Begin PBXGroup section */
		DE4496DB1C3BED2B00D690A4 = {
			isa = PBXGroup;
			children = (
				DE4496E61C3BED2B00D690A4 /* Quartz2DDrawingDemo */,
				DE4497001C3BED2B00D690A4 /* Quartz2DDrawingDemoTests */,
				DE44970B1C3BED2B00D690A4 /* Quartz2DDrawingDemoUITests */,
				DE4496E51C3BED2B00D690A4 /* Products */,
			);
			sourceTree = "<group>";
		};
		DE4496E51C3BED2B00D690A4 /* Products */ = {
			isa = PBXGroup;
			children = (
				DE4496E41C3BED2B00D690A4 /* Quartz2DDrawingDemo.app */,
				DE4496FD1C3BED2B00D690A4 /* Quartz2DDrawingDemoTests.xctest */,
				DE4497081C3BED2B00D690A4 /* Quartz2DDrawingDemoUITests.xctest */,
			);
			name = Products;
			sourceTree = "<group>";
		};
		DE4496E61C3BED2B00D690A4 /* Quartz2DDrawingDemo */ = {
			isa = PBXGroup;
			children = (
				DE4496EA1C3BED2B00D690A4 /* AppDelegate.h */,
				DE4496EB1C3BED2B00D690A4 /* AppDelegate.m */,
				DE4496ED1C3BED2B00D690A4 /* ViewController.h */,
				DE4496EE1C3BED2B00D690A4 /* ViewController.m */,
				DE4496F01C3BED2B00D690A4 /* Main.storyboard */,
				DE4496F31C3BED2B00D690A4 /* Assets.xcassets */,
				DE4496F51C3BED2B00D690A4 /* LaunchScreen.storyboard */,
				DE4496F81C3BED2B00D690A4 /* Info.plist */,
				DE4496E71C3BED2B00D690A4 /* Supporting Files */,
			);
			path = Quartz2DDrawingDemo;
			sourceTree = "<group>";
		};
		DE4496E71C3BED2B00D690A4 /* Supporting Files */ = {
			isa = PBXGroup;
			children = (
				DE4496E81C3BED2B00D690A4 /* main.m */,
			);
			name = "Supporting Files";
			sourceTree = "<group>";
		};
		DE4497001C3BED2B00D690A4 /* Quartz2DDrawingDemoTests */ = {
			isa = PBXGroup;
			children = (
				DE4497011C3BED2B00D690A4 /* Quartz2DDrawingDemoTests.m */,
				DE4497031C3BED2B00D690A4 /* Info.plist */,
			);
			path = Quartz2DDrawingDemoTests;
			sourceTree = "<group>";
		};
		DE44970B1C3BED2B00D690A4 /* Quartz2DDrawingDemoUITests */ = {
			isa = PBXGroup;
			children = (
				DE44970C1C3BED2B00D690A4 /* Quartz2DDrawingDemoUITests.m */,
				DE44970E1C3BED2B00D690A4 /* Info.plist */,
			);
			path = Quartz2DDrawingDemoUITests;
			sourceTree = "<group>";
		};
/* End PBXGroup section */

/* Begin PBXNativeTarget section */
		DE4496E31C3BED2B00D690A4 /* Quartz2DDrawingDemo */ = {
			isa = PBXNativeTarget;
			buildConfigurationList = DE4497111C3BED2B00D690A4 /* Build configuration list for PBXNativeTarget "Quartz2DDrawingDemo" */;
			buildPhases = (
				DE4496E01C3BED2B00D690A4 /* Sources */,
				DE4496E11C3BED2B00D690A4 /* Frameworks */,
				DE4496E21C3BED2B00D690A4 /* Resources */,
			);
			buildRules = (
			);
			dependencies = (
			);
			name = Quartz2DDrawingDemo;
			productName = Quartz2DDrawingDemo;
			productReference = DE4496E41C3BED2B00D690A4 /* Quartz2DDrawingDemo.app */;
			productType = "com.apple.product-type.application";
		};
		DE4496FC1C3BED2B00D690A4 /* Quartz2DDrawingDemoTests */ = {
			isa = PBXNativeTarget;
			buildConfigurationList = DE4497141C3BED2B00D690A4 /* Build configuration list for PBXNativeTarget "Quartz2DDrawingDemoTests" */;
			buildPhases = (
				DE4496F91C3BED2B00D690A4 /* Sources */,
				DE4496FA1C3BED2B00D690A4 /* Frameworks */,
				DE4496FB1C3BED2B00D690A4 /* Resources */,
			);
			buildRules = (
			);
			dependencies = (
				DE4496FF1C3BED2B00D690A4 /* PBXTargetDependency */,
			);
			name = Quartz2DDrawingDemoTests;
			productName = Quartz2DDrawingDemoTests;
			productReference = DE4496FD1C3BED2B00D690A4 /* Quartz2DDrawingDemoTests.xctest */;
			productType = "com.apple.product-type.bundle.unit-test";
		};
		DE4497071C3BED2B00D690A4 /* Quartz2DDrawingDemoUITests */ = {
			isa = PBXNativeTarget;
			buildConfigurationList = DE4497171C3BED2B00D690A4 /* Build configuration list for PBXNativeTarget "Quartz2DDrawingDemoUITests" */;
			buildPhases = (
				DE4497041C3BED2B00D690A4 /* Sources */,
				DE4497051C3BED2B00D690A4 /* Frameworks */,
				DE4497061C3BED2B00D690A4 /* Resources */,
			);
			buildRules = (
			);
			dependencies = (
				DE44970A1C3BED2B00D690A4 /* PBXTargetDependency */,
			);
			name = Quartz2DDrawingDemoUITests;
			productName = Quartz2DDrawingDemoUITests;
			productReference = DE4497081C3BED2B00D690A4 /* Quartz2DDrawingDemoUITests.xctest */;
			productType = "com.apple.product-type.bundle.ui-testing";
		};
/* End PBXNativeTarget section */

/* Begin PBXProject section */
		DE4496DC1C3BED2B00D690A4 /* Project object */ = {
			isa = PBXProject;
			attributes = {
				LastUpgradeCheck = 0720;
				ORGANIZATIONNAME = rust_33;
				TargetAttributes = {
					DE4496E31C3BED2B00D690A4 = {
						CreatedOnToolsVersion = 7.2;
					};
					DE4496FC1C3BED2B00D690A4 = {
						CreatedOnToolsVersion = 7.2;
						TestTargetID = DE4496E31C3BED2B00D690A4;
					};
					DE4497071C3BED2B00D690A4 = {
						CreatedOnToolsVersion = 7.2;
						TestTargetID = DE4496E31C3BED2B00D690A4;
					};
				};
			};
			buildConfigurationList = DE4496DF1C3BED2B00D690A4 /* Build configuration list for PBXProject "Quartz2DDrawingDemo" */;
			compatibilityVersion = "Xcode 3.2";
			developmentRegion = English;
			hasScannedForEncodings = 0;
			knownRegions = (
				en,
				Base,
			);
			mainGroup = DE4496DB1C3BED2B00D690A4;
			productRefGroup = DE4496E51C3BED2B00D690A4 /* Products */;
			projectDirPath = "";
			projectRoot = "";
			targets = (
				DE4496E31C3BED2B00D690A4 /* Quartz2DDrawingDemo */,
				DE4496FC1C3BED2B00D690A4 /* Quartz2DDrawingDemoTests */,
				DE4497071C3BED2B00D690A4 /* Quartz2DDrawingDemoUITests */,
			);
		};
/* End PBXProject section */

/* Begin PBXResourcesBuildPhase section */
		DE4496E21C3BED2B00D690A4 /* Resources */ = {
			isa = PBXResourcesBuildPhase;
			buildActionMask = 2147483647;
			files = (
				DE4496F71C3BED2B00D690A4 /* LaunchScreen.storyboard in Resources */,
				DE4496F41C3BED2B00D690A4 /* Assets.xcassets in Resources */,
				DE4496F21C3BED2B00D690A4 /* Main.storyboard in Resources */,
			);
			runOnlyForDeploymentPostprocessing = 0;
		};
		DE4496FB1C3BED2B00D690A4 /* Resources */ = {
			isa = PBXResourcesBuildPhase;
			buildActionMask = 2147483647;
			files = (
			);
			runOnlyForDeploymentPostprocessing = 0;
		};
		DE4497061C3BED2B00D690A4 /* Resources */ = {
			isa = PBXResourcesBuildPhase;
			buildActionMask = 2147483647;
			files = (
			);
			runOnlyForDeploymentPostprocessing = 0;
		};
/* End PBXResourcesBuildPhase section */

/* Begin PBXSourcesBuildPhase section */
		DE4496E01C3BED2B00D690A4 /* Sources */ = {
			isa = PBXSourcesBuildPhase;
			buildActionMask = 2147483647;
			files = (
				DE4496EF1C3BED2B00D690A4 /* ViewController.m in Sources */,
				DE4496EC1C3BED2B00D690A4 /* AppDelegate.m in Sources */,
				DE4496E91C3BED2B00D690A4 /* main.m in Sources */,
			);
			runOnlyForDeploymentPostprocessing = 0;
		};
		DE4496F91C3BED2B00D690A4 /* Sources */ = {
			isa = PBXSourcesBuildPhase;
			buildActionMask = 2147483647;
			files = (
				DE4497021C3BED2B00D690A4 /* Quartz2DDrawingDemoTests.m in Sources */,
			);
			runOnlyForDeploymentPostprocessing = 0;
		};
		DE4497041C3BED2B00D690A4 /* Sources */ = {
			isa = PBXSourcesBuildPhase;
			buildActionMask = 2147483647;
			files = (
				DE44970D1C3BED2B00D690A4 /* Quartz2DDrawingDemoUITests.m in Sources */,
			);
			runOnlyForDeploymentPostprocessing = 0;
		};
/* End PBXSourcesBuildPhase section */

/* Begin PBXTargetDependency section */
		DE4496FF1C3BED2B00D690A4 /* PBXTargetDependency */ = {
			isa = PBXTargetDependency;
			target = DE4496E31C3BED2B00D690A4 /* Quartz2DDrawingDemo */;
			targetProxy = DE4496FE1C3BED2B00D690A4 /* PBXContainerItemProxy */;
		};
		DE44970A1C3BED2B00D690A4 /* PBXTargetDependency */ = {
			isa = PBXTargetDependency;
			target = DE4496E31C3BED2B00D690A4 /* Quartz2DDrawingDemo */;
			targetProxy = DE4497091C3BED2B00D690A4 /* PBXContainerItemProxy */;
		};
/* End PBXTargetDependency section */

/* Begin PBXVariantGroup section */
		DE4496F01C3BED2B00D690A4 /* Main.storyboard */ = {
			isa = PBXVariantGroup;
			children = (
				DE4496F11C3BED2B00D690A4 /* Base */,
			);
			name = Main.storyboard;
			sourceTree = "<group>";
		};
		DE4496F51C3BED2B00D690A4 /* LaunchScreen.storyboard */ = {
			isa = PBXVariantGroup;
			children = (
				DE4496F61C3BED2B00D690A4 /* Base */,
			);
			name = LaunchScreen.storyboard;
			sourceTree = "<group>";
		};
/* End PBXVariantGroup section */

/* Begin XCBuildConfiguration section */
		DE44970F1C3BED2B00D690A4 /* Debug */ = {
			isa = XCBuildConfiguration;
			buildSettings = {
				ALWAYS_SEARCH_USER_PATHS = NO;
				CLANG_CXX_LANGUAGE_STANDARD = "gnu++0x";
				CLANG_CXX_LIBRARY = "libc++";
				CLANG_ENABLE_MODULES = YES;
				CLANG_ENABLE_OBJC_ARC = YES;
				CLANG_WARN_BOOL_CONVERSION = YES;
				CLANG_WARN_CONSTANT_CONVERSION = YES;
				CLANG_WARN_DIRECT_OBJC_ISA_USAGE = YES_ERROR;
				CLANG_WARN_EMPTY_BODY = YES;
				CLANG_WARN_ENUM_CONVERSION = YES;
				CLANG_WARN_INT_CONVERSION = YES;
				CLANG_WARN_OBJC_ROOT_CLASS = YES_ERROR;
				CLANG_WARN_UNREACHABLE_CODE = YES;
				CLANG_WARN__DUPLICATE_METHOD_MATCH = YES;
				"CODE_SIGN_IDENTITY[sdk=iphoneos*]" = "iPhone Developer";
				COPY_PHASE_STRIP = NO;
				DEBUG_INFORMATION_FORMAT = dwarf;
				ENABLE_STRICT_OBJC_MSGSEND = YES;
				ENABLE_TESTABILITY = YES;
				GCC_C_LANGUAGE_STANDARD = gnu99;
				GCC_DYNAMIC_NO_PIC = NO;
				GCC_NO_COMMON_BLOCKS = YES;
				GCC_OPTIMIZATION_LEVEL = 0;
				GCC_PREPROCESSOR_DEFINITIONS = (
					"DEBUG=1",
					"$(inherited)",
				);
				GCC_WARN_64_TO_32_BIT_CONVERSION = YES;
				GCC_WARN_ABOUT_RETURN_TYPE = YES_ERROR;
				GCC_WARN_UNDECLARED_SELECTOR = YES;
				GCC_WARN_UNINITIALIZED_AUTOS = YES_AGGRESSIVE;
				GCC_WARN_UNUSED_FUNCTION = YES;
				GCC_WARN_UNUSED_VARIABLE = YES;
				IPHONEOS_DEPLOYMENT_TARGET = 9.2;
				MTL_ENABLE_DEBUG_INFO = YES;
				ONLY_ACTIVE_ARCH = YES;
				SDKROOT = iphoneos;
			};
			name = Debug;
		};
		DE4497101C3BED2B00D690A4 /* Release */ = {
			isa = XCBuildConfiguration;
			buildSettings = {
				ALWAYS_SEARCH_USER_PATHS = NO;
				CLANG_CXX_LANGUAGE_STANDARD = "gnu++0x";
				CLANG_CXX_LIBRARY = "libc++";
				CLANG_ENABLE_MODULES = YES;
				CLANG_ENABLE_OBJC_ARC = YES;
				CLANG_WARN_BOOL_CONVERSION = YES;
				CLANG_WARN_CONSTANT_CONVERSION = YES;
				CLANG_WARN_DIRECT_OBJC_ISA_USAGE = YES_ERROR;
				CLANG_WARN_EMPTY_BODY = YES;
				CLANG_WARN_ENUM_CONVERSION = YES;
				CLANG_WARN_INT_CONVERSION = YES;
				CLANG_WARN_OBJC_ROOT_CLASS = YES_ERROR;
				CLANG_WARN_UNREACHABLE_CODE = YES;
				CLANG_WARN__DUPLICATE_METHOD_MATCH = YES;
				"CODE_SIGN_IDENTITY[sdk=iphoneos*]" = "iPhone Developer";
				COPY_PHASE_STRIP = NO;
				DEBUG_INFORMATION_FORMAT = "dwarf-with-dsym";
				ENABLE_NS_ASSERTIONS = NO;
				ENABLE_STRICT_OBJC_MSGSEND = YES;
				GCC_C_LANGUAGE_STANDARD = gnu99;
				GCC_NO_COMMON_BLOCKS = YES;
				GCC_WARN_64_TO_32_BIT_CONVERSION = YES;
				GCC_WARN_ABOUT_RETURN_TYPE = YES_ERROR;
				GCC_WARN_UNDECLARED_SELECTOR = YES;
				GCC_WARN_UNINITIALIZED_AUTOS = YES_AGGRESSIVE;
				GCC_WARN_UNUSED_FUNCTION = YES;
				GCC_WARN_UNUSED_VARIABLE = YES;
				IPHONEOS_DEPLOYMENT_TARGET = 9.2;
				MTL_ENABLE_DEBUG_INFO = NO;
				SDKROOT = iphoneos;
				VALIDATE_PRODUCT = YES;
			};
			name = Release;
		};
		DE4497121C3BED2B00D690A4 /* Debug */ = {
			isa = XCBuildConfiguration;
			buildSettings = {
				ASSETCATALOG_COMPILER_APPICON_NAME = AppIcon;
				INFOPLIST_FILE = Quartz2DDrawingDemo/Info.plist;
				LD_RUNPATH_SEARCH_PATHS = "$(inherited) @executable_path/Frameworks";
				PRODUCT_BUNDLE_IDENTIFIER = RUST.Quartz2DDrawingDemo;
				PRODUCT_NAME = "$(TARGET_NAME)";
			};
			name = Debug;
		};
		DE4497131C3BED2B00D690A4 /* Release */ = {
			isa = XCBuildConfiguration;
			buildSettings = {
				ASSETCATALOG_COMPILER_APPICON_NAME = AppIcon;
				INFOPLIST_FILE = Quartz2DDrawingDemo/Info.plist;
				LD_RUNPATH_SEARCH_PATHS = "$(inherited) @executable_path/Frameworks";
				PRODUCT_BUNDLE_IDENTIFIER = RUST.Quartz2DDrawingDemo;
				PRODUCT_NAME = "$(TARGET_NAME)";
			};
			name = Release;
		};
		DE4497151C3BED2B00D690A4 /* Debug */ = {
			isa = XCBuildConfiguration;
			buildSettings = {
				BUNDLE_LOADER = "$(TEST_HOST)";
				INFOPLIST_FILE = Quartz2DDrawingDemoTests/Info.plist;
				LD_RUNPATH_SEARCH_PATHS = "$(inherited) @executable_path/Frameworks @loader_path/Frameworks";
				PRODUCT_BUNDLE_IDENTIFIER = RUST.Quartz2DDrawingDemoTests;
				PRODUCT_NAME = "$(TARGET_NAME)";
				TEST_HOST = "$(BUILT_PRODUCTS_DIR)/Quartz2DDrawingDemo.app/Quartz2DDrawingDemo";
			};
			name = Debug;
		};
		DE4497161C3BED2B00D690A4 /* Release */ = {
			isa = XCBuildConfiguration;
			buildSettings = {
				BUNDLE_LOADER = "$(TEST_HOST)";
				INFOPLIST_FILE = Quartz2DDrawingDemoTests/Info.plist;
				LD_RUNPATH_SEARCH_PATHS = "$(inherited) @executable_path/Frameworks @loader_path/Frameworks";
				PRODUCT_BUNDLE_IDENTIFIER = RUST.Quartz2DDrawingDemoTests;
				PRODUCT_NAME = "$(TARGET_NAME)";
				TEST_HOST = "$(BUILT_PRODUCTS_DIR)/Quartz2DDrawingDemo.app/Quartz2DDrawingDemo";
			};
			name = Release;
		};
		DE4497181C3BED2B00D690A4 /* Debug */ = {
			isa = XCBuildConfiguration;
			buildSettings = {
				INFOPLIST_FILE = Quartz2DDrawingDemoUITests/Info.plist;
				LD_RUNPATH_SEARCH_PATHS = "$(inherited) @executable_path/Frameworks @loader_path/Frameworks";
				PRODUCT_BUNDLE_IDENTIFIER = RUST.Quartz2DDrawingDemoUITests;
				PRODUCT_NAME = "$(TARGET_NAME)";
				TEST_TARGET_NAME = Quartz2DDrawingDemo;
				USES_XCTRUNNER = YES;
			};
			name = Debug;
		};
		DE4497191C3BED2B00D690A4 /* Release */ = {
			isa = XCBuildConfiguration;
			buildSettings = {
				INFOPLIST_FILE = Quartz2DDrawingDemoUITests/Info.plist;
				LD_RUNPATH_SEARCH_PATHS = "$(inherited) @executable_path/Frameworks @loader_path/Frameworks";
				PRODUCT_BUNDLE_IDENTIFIER = RUST.Quartz2DDrawingDemoUITests;
				PRODUCT_NAME = "$(TARGET_NAME)";
				TEST_TARGET_NAME = Quartz2DDrawingDemo;
				USES_XCTRUNNER = YES;
			};
			name = Release;
		};
/* End XCBuildConfiguration section */

/* Begin XCConfigurationList section */
		DE4496DF1C3BED2B00D690A4 /* Build configuration list for PBXProject "Quartz2DDrawingDemo" */ = {
			isa = XCConfigurationList;
			buildConfigurations = (
				DE44970F1C3BED2B00D690A4 /* Debug */,
				DE4497101C3BED2B00D690A4 /* Release */,
			);
			defaultConfigurationIsVisible = 0;
			defaultConfigurationName = Release;
		};
		DE4497111C3BED2B00D690A4 /* Build configuration list for PBXNativeTarget "Quartz2DDrawingDemo" */ = {
			isa = XCConfigurationList;
			buildConfigurations = (
				DE4497121C3BED2B00D690A4 /* Debug */,
				DE4497131C3BED2B00D690A4 /* Release */,
			);
			defaultConfigurationIsVisible = 0;
		};
		DE4497141C3BED2B00D690A4 /* Build configuration list for PBXNativeTarget "Quartz2DDrawingDemoTests" */ = {
			isa = XCConfigurationList;
			buildConfigurations = (
				DE4497151C3BED2B00D690A4 /* Debug */,
				DE4497161C3BED2B00D690A4 /* Release */,
			);
			defaultConfigurationIsVisible = 0;
		};
		DE4497171C3BED2B00D690A4 /* Build configuration list for PBXNativeTarget "Quartz2DDrawingDemoUITests" */ = {
			isa = XCConfigurationList;
			buildConfigurations = (
				DE4497181C3BED2B00D690A4 /* Debug */,
				DE4497191C3BED2B00D690A4 /* Release */,
			);
			defaultConfigurationIsVisible = 0;
		};
/* End XCConfigurationList section */
	};
	rootObject = DE4496DC1C3BED2B00D690A4 /* Project object */;
}
